
Microsoft Visual Studio Solution File, Format Version 12.00
# Visual Studio 2012
Project("{FAE04EC0-301F-11D3-BF4B-00C04F79EFBC}") = "iOSXamarin0721", "iOSXamarin0721\iOSXamarin0721.csproj", "{99C95163-939B-4BD8-9984-7FC84F80A81A}"
EndProject
Project("{FAE04EC0-301F-11D3-BF4B-00C04F79EFBC}") = "iOSXamarin0721.UITests", "iOSXamarin0721.UITests\iOSXamarin0721.UITests.csproj", "{931F46D8-97C9-4EFF-A52E-F91DE7345CA9}"
EndProject
Global
	GlobalSection(SolutionConfigurationPlatforms) = preSolution
		Debug|iPhoneSimulator = Debug|iPhoneSimulator
		Release|iPhone = Release|iPhone
		Release|iPhoneSimulator = Release|iPhoneSimulator
		Debug|iPhone = Debug|iPhone
		Debug|Any CPU = Debug|Any CPU
		Release|Any CPU = Release|Any CPU
	EndGlobalSection
	GlobalSection(ProjectConfigurationPlatforms) = postSolution
		{99C95163-939B-4BD8-9984-7FC84F80A81A}.Debug|iPhoneSimulator.ActiveCfg = Debug|iPhoneSimulator
		{99C95163-939B-4BD8-9984-7FC84F80A81A}.Debug|iPhoneSimulator.Build.0 = Debug|iPhoneSimulator
		{99C95163-939B-4BD8-9984-7FC84F80A81A}.Release|iPhone.ActiveCfg = Release|iPhone
		{99C95163-939B-4BD8-9984-7FC84F80A81A}.Release|iPhone.Build.0 = Release|iPhone
		{99C95163-939B-4BD8-9984-7FC84F80A81A}.Release|iPhoneSimulator.ActiveCfg = Release|iPhoneSimulator
		{99C95163-939B-4BD8-9984-7FC84F80A81A}.Release|iPhoneSimulator.Build.0 = Release|iPhoneSimulator
		{99C95163-939B-4BD8-9984-7FC84F80A81A}.Debug|iPhone.ActiveCfg = Debug|iPhone
		{99C95163-939B-4BD8-9984-7FC84F80A81A}.Debug|iPhone.Build.0 = Debug|iPhone
		{99C95163-939B-4BD8-9984-7FC84F80A81A}.Debug|Any CPU.ActiveCfg = Debug|iPhoneSimulator
		{99C95163-939B-4BD8-9984-7FC84F80A81A}.Debug|Any CPU.Build.0 = Debug|iPhoneSimulator
		{99C95163-939B-4BD8-9984-7FC84F80A81A}.Release|Any CPU.ActiveCfg = Release|iPhone
		{99C95163-939B-4BD8-9984-7FC84F80A81A}.Release|Any CPU.Build.0 = Release|iPhone
		{931F46D8-97C9-4EFF-A52E-F91DE7345CA9}.Debug|iPhoneSimulator.ActiveCfg = Debug|Any CPU
		{931F46D8-97C9-4EFF-A52E-F91DE7345CA9}.Debug|iPhoneSimulator.Build.0 = Debug|Any CPU
		{931F46D8-97C9-4EFF-A52E-F91DE7345CA9}.Release|iPhone.ActiveCfg = Release|Any CPU
		{931F46D8-97C9-4EFF-A52E-F91DE7345CA9}.Release|iPhone.Build.0 = Release|Any CPU
		{931F46D8-97C9-4EFF-A52E-F91DE7345CA9}.Release|iPhoneSimulator.ActiveCfg = Release|Any CPU
		{931F46D8-97C9-4EFF-A52E-F91DE7345CA9}.Release|iPhoneSimulator.Build.0 = Release|Any CPU
		{931F46D8-97C9-4EFF-A52E-F91DE7345CA9}.Debug|iPhone.ActiveCfg = Debug|Any CPU
		{931F46D8-97C9-4EFF-A52E-F91DE7345CA9}.Debug|iPhone.Build.0 = Debug|Any CPU
		{931F46D8-97C9-4EFF-A52E-F91DE7345CA9}.Debug|Any CPU.ActiveCfg = Debug|Any CPU
		{931F46D8-97C9-4EFF-A52E-F91DE7345CA9}.Debug|Any CPU.Build.0 = Debug|Any CPU
		{931F46D8-97C9-4EFF-A52E-F91DE7345CA9}.Release|Any CPU.ActiveCfg = Release|Any CPU
		{931F46D8-97C9-4EFF-A52E-F91DE7345CA9}.Release|Any CPU.Build.0 = Release|Any CPU
	EndGlobalSection
EndGlobal
